// !$*UTF8*$!
{
	archiveVersion = 1;
	classes = {
	};
	objectVersion = 46;
	objects = {

/* Begin PBXBuildFile section */
		5B3AEC1B191311C700B6EABA /* Foundation.framework in Frameworks */ = {isa = PBXBuildFile; fileRef = 5B3AEC1A191311C700B6EABA /* Foundation.framework */; };
		5B3AEC1D191311C700B6EABA /* CoreGraphics.framework in Frameworks */ = {isa = PBXBuildFile; fileRef = 5B3AEC1C191311C700B6EABA /* CoreGraphics.framework */; };
		5B3AEC1F191311C700B6EABA /* UIKit.framework in Frameworks */ = {isa = PBXBuildFile; fileRef = 5B3AEC1E191311C700B6EABA /* UIKit.framework */; };
		5B3AEC25191311C700B6EABA /* InfoPlist.strings in Resources */ = {isa = PBXBuildFile; fileRef = 5B3AEC23191311C700B6EABA /* InfoPlist.strings */; };
		5B3AEC27191311C700B6EABA /* main.m in Sources */ = {isa = PBXBuildFile; fileRef = 5B3AEC26191311C700B6EABA /* main.m */; };
		5B3AEC2B191311C700B6EABA /* AppDelegate.m in Sources */ = {isa = PBXBuildFile; fileRef = 5B3AEC2A191311C700B6EABA /* AppDelegate.m */; };
		5B3AEC2E191311C700B6EABA /* Main.storyboard in Resources */ = {isa = PBXBuildFile; fileRef = 5B3AEC2C191311C700B6EABA /* Main.storyboard */; };
		5B3AEC33191311C700B6EABA /* Images.xcassets in Resources */ = {isa = PBXBuildFile; fileRef = 5B3AEC32191311C700B6EABA /* Images.xcassets */; };
		5B3AEC3A191311C700B6EABA /* XCTest.framework in Frameworks */ = {isa = PBXBuildFile; fileRef = 5B3AEC39191311C700B6EABA /* XCTest.framework */; };
		5B3AEC3B191311C700B6EABA /* Foundation.framework in Frameworks */ = {isa = PBXBuildFile; fileRef = 5B3AEC1A191311C700B6EABA /* Foundation.framework */; };
		5B3AEC3C191311C700B6EABA /* UIKit.framework in Frameworks */ = {isa = PBXBuildFile; fileRef = 5B3AEC1E191311C700B6EABA /* UIKit.framework */; };
		5B3AEC44191311C700B6EABA /* InfoPlist.strings in Resources */ = {isa = PBXBuildFile; fileRef = 5B3AEC42191311C700B6EABA /* InfoPlist.strings */; };
		5B3AEC46191311C700B6EABA /* PhotoViewerDemoTests.m in Sources */ = {isa = PBXBuildFile; fileRef = 5B3AEC45191311C700B6EABA /* PhotoViewerDemoTests.m */; };
		5B3AEC51191314AA00B6EABA /* Photo.m in Sources */ = {isa = PBXBuildFile; fileRef = 5B3AEC50191314AA00B6EABA /* Photo.m */; };
		5B3AEC541913156200B6EABA /* PhotosTableViewController.m in Sources */ = {isa = PBXBuildFile; fileRef = 5B3AEC531913156200B6EABA /* PhotosTableViewController.m */; };
		5B3AEC571913162A00B6EABA /* DisplayViewController.m in Sources */ = {isa = PBXBuildFile; fileRef = 5B3AEC561913162A00B6EABA /* DisplayViewController.m */; };
		5B3AEC5A1913168F00B6EABA /* InfoViewController.m in Sources */ = {isa = PBXBuildFile; fileRef = 5B3AEC591913168F00B6EABA /* InfoViewController.m */; };
/* End PBXBuildFile section */

/* Begin PBXContainerItemProxy section */
		5B3AEC3D191311C700B6EABA /* PBXContainerItemProxy */ = {
			isa = PBXContainerItemProxy;
			containerPortal = 5B3AEC0F191311C700B6EABA /* Project object */;
			proxyType = 1;
			remoteGlobalIDString = 5B3AEC16191311C700B6EABA;
			remoteInfo = PhotoViewerDemo;
		};
/* End PBXContainerItemProxy section */

/* Begin PBXFileReference section */
		5B3AEC17191311C700B6EABA /* PhotoViewerDemo.app */ = {isa = PBXFileReference; explicitFileType = wrapper.application; includeInIndex = 0; path = PhotoViewerDemo.app; sourceTree = BUILT_PRODUCTS_DIR; };
		5B3AEC1A191311C700B6EABA /* Foundation.framework */ = {isa = PBXFileReference; lastKnownFileType = wrapper.framework; name = Foundation.framework; path = System/Library/Frameworks/Foundation.framework; sourceTree = SDKROOT; };
		5B3AEC1C191311C700B6EABA /* CoreGraphics.framework */ = {isa = PBXFileReference; lastKnownFileType = wrapper.framework; name = CoreGraphics.framework; path = System/Library/Frameworks/CoreGraphics.framework; sourceTree = SDKROOT; };
		5B3AEC1E191311C700B6EABA /* UIKit.framework */ = {isa = PBXFileReference; lastKnownFileType = wrapper.framework; name = UIKit.framework; path = System/Library/Frameworks/UIKit.framework; sourceTree = SDKROOT; };
		5B3AEC22191311C700B6EABA /* PhotoViewerDemo-Info.plist */ = {isa = PBXFileReference; lastKnownFileType = text.plist.xml; path = "PhotoViewerDemo-Info.plist"; sourceTree = "<group>"; };
		5B3AEC24191311C700B6EABA /* en */ = {isa = PBXFileReference; lastKnownFileType = text.plist.strings; name = en; path = en.lproj/InfoPlist.strings; sourceTree = "<group>"; };
		5B3AEC26191311C700B6EABA /* main.m */ = {isa = PBXFileReference; lastKnownFileType = sourcecode.c.objc; path = main.m; sourceTree = "<group>"; };
		5B3AEC28191311C700B6EABA /* PhotoViewerDemo-Prefix.pch */ = {isa = PBXFileReference; lastKnownFileType = sourcecode.c.h; path = "PhotoViewerDemo-Prefix.pch"; sourceTree = "<group>"; };
		5B3AEC29191311C700B6EABA /* AppDelegate.h */ = {isa = PBXFileReference; lastKnownFileType = sourcecode.c.h; path = AppDelegate.h; sourceTree = "<group>"; };
		5B3AEC2A191311C700B6EABA /* AppDelegate.m */ = {isa = PBXFileReference; lastKnownFileType = sourcecode.c.objc; path = AppDelegate.m; sourceTree = "<group>"; };
		5B3AEC2D191311C700B6EABA /* Base */ = {isa = PBXFileReference; lastKnownFileType = file.storyboard; name = Base; path = Base.lproj/Main.storyboard; sourceTree = "<group>"; };
		5B3AEC32191311C700B6EABA /* Images.xcassets */ = {isa = PBXFileReference; lastKnownFileType = folder.assetcatalog; path = Images.xcassets; sourceTree = "<group>"; };
		5B3AEC38191311C700B6EABA /* PhotoViewerDemoTests.xctest */ = {isa = PBXFileReference; explicitFileType = wrapper.cfbundle; includeInIndex = 0; path = PhotoViewerDemoTests.xctest; sourceTree = BUILT_PRODUCTS_DIR; };
		5B3AEC39191311C700B6EABA /* XCTest.framework */ = {isa = PBXFileReference; lastKnownFileType = wrapper.framework; name = XCTest.framework; path = Library/Frameworks/XCTest.framework; sourceTree = DEVELOPER_DIR; };
		5B3AEC41191311C700B6EABA /* PhotoViewerDemoTests-Info.plist */ = {isa = PBXFileReference; lastKnownFileType = text.plist.xml; path = "PhotoViewerDemoTests-Info.plist"; sourceTree = "<group>"; };
		5B3AEC43191311C700B6EABA /* en */ = {isa = PBXFileReference; lastKnownFileType = text.plist.strings; name = en; path = en.lproj/InfoPlist.strings; sourceTree = "<group>"; };
		5B3AEC45191311C700B6EABA /* PhotoViewerDemoTests.m */ = {isa = PBXFileReference; lastKnownFileType = sourcecode.c.objc; path = PhotoViewerDemoTests.m; sourceTree = "<group>"; };
		5B3AEC4F191314AA00B6EABA /* Photo.h */ = {isa = PBXFileReference; fileEncoding = 4; lastKnownFileType = sourcecode.c.h; path = Photo.h; sourceTree = "<group>"; };
		5B3AEC50191314AA00B6EABA /* Photo.m */ = {isa = PBXFileReference; fileEncoding = 4; lastKnownFileType = sourcecode.c.objc; path = Photo.m; sourceTree = "<group>"; };
		5B3AEC521913156200B6EABA /* PhotosTableViewController.h */ = {isa = PBXFileReference; fileEncoding = 4; lastKnownFileType = sourcecode.c.h; path = PhotosTableViewController.h; sourceTree = "<group>"; };
		5B3AEC531913156200B6EABA /* PhotosTableViewController.m */ = {isa = PBXFileReference; fileEncoding = 4; lastKnownFileType = sourcecode.c.objc; path = PhotosTableViewController.m; sourceTree = "<group>"; };
		5B3AEC551913162A00B6EABA /* DisplayViewController.h */ = {isa = PBXFileReference; fileEncoding = 4; lastKnownFileType = sourcecode.c.h; path = DisplayViewController.h; sourceTree = "<group>"; };
		5B3AEC561913162A00B6EABA /* DisplayViewController.m */ = {isa = PBXFileReference; fileEncoding = 4; lastKnownFileType = sourcecode.c.objc; path = DisplayViewController.m; sourceTree = "<group>"; };
		5B3AEC581913168F00B6EABA /* InfoViewController.h */ = {isa = PBXFileReference; fileEncoding = 4; lastKnownFileType = sourcecode.c.h; path = InfoViewController.h; sourceTree = "<group>"; };
		5B3AEC591913168F00B6EABA /* InfoViewController.m */ = {isa = PBXFileReference; fileEncoding = 4; lastKnownFileType = sourcecode.c.objc; path = InfoViewController.m; sourceTree = "<group>"; };
/* End PBXFileReference section */

/* Begin PBXFrameworksBuildPhase section */
		5B3AEC14191311C700B6EABA /* Frameworks */ = {
			isa = PBXFrameworksBuildPhase;
			buildActionMask = 2147483647;
			files = (
				5B3AEC1D191311C700B6EABA /* CoreGraphics.framework in Frameworks */,
				5B3AEC1F191311C700B6EABA /* UIKit.framework in Frameworks */,
				5B3AEC1B191311C700B6EABA /* Foundation.framework in Frameworks */,
			);
			runOnlyForDeploymentPostprocessing = 0;
		};
		5B3AEC35191311C700B6EABA /* Frameworks */ = {
			isa = PBXFrameworksBuildPhase;
			buildActionMask = 2147483647;
			files = (
				5B3AEC3A191311C700B6EABA /* XCTest.framework in Frameworks */,
				5B3AEC3C191311C700B6EABA /* UIKit.framework in Frameworks */,
				5B3AEC3B191311C700B6EABA /* Foundation.framework in Frameworks */,
			);
			runOnlyForDeploymentPostprocessing = 0;
		};
/* End PBXFrameworksBuildPhase section */

/* Begin PBXGroup section */
		5B3AEC0E191311C700B6EABA = {
			isa = PBXGroup;
			children = (
				5B3AEC20191311C700B6EABA /* PhotoViewerDemo */,
				5B3AEC3F191311C700B6EABA /* PhotoViewerDemoTests */,
				5B3AEC19191311C700B6EABA /* Frameworks */,
				5B3AEC18191311C700B6EABA /* Products */,
			);
			sourceTree = "<group>";
		};
		5B3AEC18191311C700B6EABA /* Products */ = {
			isa = PBXGroup;
			children = (
				5B3AEC17191311C700B6EABA /* PhotoViewerDemo.app */,
				5B3AEC38191311C700B6EABA /* PhotoViewerDemoTests.xctest */,
			);
			name = Products;
			sourceTree = "<group>";
		};
		5B3AEC19191311C700B6EABA /* Frameworks */ = {
			isa = PBXGroup;
			children = (
				5B3AEC1A191311C700B6EABA /* Foundation.framework */,
				5B3AEC1C191311C700B6EABA /* CoreGraphics.framework */,
				5B3AEC1E191311C700B6EABA /* UIKit.framework */,
				5B3AEC39191311C700B6EABA /* XCTest.framework */,
			);
			name = Frameworks;
			sourceTree = "<group>";
		};
		5B3AEC20191311C700B6EABA /* PhotoViewerDemo */ = {
			isa = PBXGroup;
			children = (
				5B3AEC29191311C700B6EABA /* AppDelegate.h */,
				5B3AEC2A191311C700B6EABA /* AppDelegate.m */,
				5B3AEC2C191311C700B6EABA /* Main.storyboard */,
				5B3AEC521913156200B6EABA /* PhotosTableViewController.h */,
				5B3AEC531913156200B6EABA /* PhotosTableViewController.m */,
				5B3AEC551913162A00B6EABA /* DisplayViewController.h */,
				5B3AEC561913162A00B6EABA /* DisplayViewController.m */,
				5B3AEC581913168F00B6EABA /* InfoViewController.h */,
				5B3AEC591913168F00B6EABA /* InfoViewController.m */,
				5B3AEC4F191314AA00B6EABA /* Photo.h */,
				5B3AEC50191314AA00B6EABA /* Photo.m */,
				5B3AEC32191311C700B6EABA /* Images.xcassets */,
				5B3AEC21191311C700B6EABA /* Supporting Files */,
			);
			path = PhotoViewerDemo;
			sourceTree = "<group>";
		};
		5B3AEC21191311C700B6EABA /* Supporting Files */ = {
			isa = PBXGroup;
			children = (
				5B3AEC22191311C700B6EABA /* PhotoViewerDemo-Info.plist */,
				5B3AEC23191311C700B6EABA /* InfoPlist.strings */,
				5B3AEC26191311C700B6EABA /* main.m */,
				5B3AEC28191311C700B6EABA /* PhotoViewerDemo-Prefix.pch */,
			);
			name = "Supporting Files";
			sourceTree = "<group>";
		};
		5B3AEC3F191311C700B6EABA /* PhotoViewerDemoTests */ = {
			isa = PBXGroup;
			children = (
				5B3AEC45191311C700B6EABA /* PhotoViewerDemoTests.m */,
				5B3AEC40191311C700B6EABA /* Supporting Files */,
			);
			path = PhotoViewerDemoTests;
			sourceTree = "<group>";
		};
		5B3AEC40191311C700B6EABA /* Supporting Files */ = {
			isa = PBXGroup;
			children = (
				5B3AEC41191311C700B6EABA /* PhotoViewerDemoTests-Info.plist */,
				5B3AEC42191311C700B6EABA /* InfoPlist.strings */,
			);
			name = "Supporting Files";
			sourceTree = "<group>";
		};
/* End PBXGroup section */

/* Begin PBXNativeTarget section */
		5B3AEC16191311C700B6EABA /* PhotoViewerDemo */ = {
			isa = PBXNativeTarget;
			buildConfigurationList = 5B3AEC49191311C700B6EABA /* Build configuration list for PBXNativeTarget "PhotoViewerDemo" */;
			buildPhases = (
				5B3AEC13191311C700B6EABA /* Sources */,
				5B3AEC14191311C700B6EABA /* Frameworks */,
				5B3AEC15191311C700B6EABA /* Resources */,
			);
			buildRules = (
			);
			dependencies = (
			);
			name = PhotoViewerDemo;
			productName = PhotoViewerDemo;
			productReference = 5B3AEC17191311C700B6EABA /* PhotoViewerDemo.app */;
			productType = "com.apple.product-type.application";
		};
		5B3AEC37191311C700B6EABA /* PhotoViewerDemoTests */ = {
			isa = PBXNativeTarget;
			buildConfigurationList = 5B3AEC4C191311C700B6EABA /* Build configuration list for PBXNativeTarget "PhotoViewerDemoTests" */;
			buildPhases = (
				5B3AEC34191311C700B6EABA /* Sources */,
				5B3AEC35191311C700B6EABA /* Frameworks */,
				5B3AEC36191311C700B6EABA /* Resources */,
			);
			buildRules = (
			);
			dependencies = (
				5B3AEC3E191311C700B6EABA /* PBXTargetDependency */,
			);
			name = PhotoViewerDemoTests;
			productName = PhotoViewerDemoTests;
			productReference = 5B3AEC38191311C700B6EABA /* PhotoViewerDemoTests.xctest */;
			productType = "com.apple.product-type.bundle.unit-test";
		};
/* End PBXNativeTarget section */

/* Begin PBXProject section */
		5B3AEC0F191311C700B6EABA /* Project object */ = {
			isa = PBXProject;
			attributes = {
				LastUpgradeCheck = 0510;
				ORGANIZATIONNAME = "Victor  Adu";
				TargetAttributes = {
					5B3AEC37191311C700B6EABA = {
						TestTargetID = 5B3AEC16191311C700B6EABA;
					};
				};
			};
			buildConfigurationList = 5B3AEC12191311C700B6EABA /* Build configuration list for PBXProject "PhotoViewerDemo" */;
			compatibilityVersion = "Xcode 3.2";
			developmentRegion = English;
			hasScannedForEncodings = 0;
			knownRegions = (
				en,
				Base,
			);
			mainGroup = 5B3AEC0E191311C700B6EABA;
			productRefGroup = 5B3AEC18191311C700B6EABA /* Products */;
			projectDirPath = "";
			projectRoot = "";
			targets = (
				5B3AEC16191311C700B6EABA /* PhotoViewerDemo */,
				5B3AEC37191311C700B6EABA /* PhotoViewerDemoTests */,
			);
		};
/* End PBXProject section */

/* Begin PBXResourcesBuildPhase section */
		5B3AEC15191311C700B6EABA /* Resources */ = {
			isa = PBXResourcesBuildPhase;
			buildActionMask = 2147483647;
			files = (
				5B3AEC33191311C700B6EABA /* Images.xcassets in Resources */,
				5B3AEC25191311C700B6EABA /* InfoPlist.strings in Resources */,
				5B3AEC2E191311C700B6EABA /* Main.storyboard in Resources */,
			);
			runOnlyForDeploymentPostprocessing = 0;
		};
		5B3AEC36191311C700B6EABA /* Resources */ = {
			isa = PBXResourcesBuildPhase;
			buildActionMask = 2147483647;
			files = (
				5B3AEC44191311C700B6EABA /* InfoPlist.strings in Resources */,
			);
			runOnlyForDeploymentPostprocessing = 0;
		};
/* End PBXResourcesBuildPhase section */

/* Begin PBXSourcesBuildPhase section */
		5B3AEC13191311C700B6EABA /* Sources */ = {
			isa = PBXSourcesBuildPhase;
			buildActionMask = 2147483647;
			files = (
				5B3AEC571913162A00B6EABA /* DisplayViewController.m in Sources */,
				5B3AEC51191314AA00B6EABA /* Photo.m in Sources */,
				5B3AEC5A1913168F00B6EABA /* InfoViewController.m in Sources */,
				5B3AEC2B191311C700B6EABA /* AppDelegate.m in Sources */,
				5B3AEC541913156200B6EABA /* PhotosTableViewController.m in Sources */,
				5B3AEC27191311C700B6EABA /* main.m in Sources */,
			);
			runOnlyForDeploymentPostprocessing = 0;
		};
		5B3AEC34191311C700B6EABA /* Sources */ = {
			isa = PBXSourcesBuildPhase;
			buildActionMask = 2147483647;
			files = (
				5B3AEC46191311C700B6EABA /* PhotoViewerDemoTests.m in Sources */,
			);
			runOnlyForDeploymentPostprocessing = 0;
		};
/* End PBXSourcesBuildPhase section */

/* Begin PBXTargetDependency section */
		5B3AEC3E191311C700B6EABA /* PBXTargetDependency */ = {
			isa = PBXTargetDependency;
			target = 5B3AEC16191311C700B6EABA /* PhotoViewerDemo */;
			targetProxy = 5B3AEC3D191311C700B6EABA /* PBXContainerItemProxy */;
		};
/* End PBXTargetDependency section */

/* Begin PBXVariantGroup section */
		5B3AEC23191311C700B6EABA /* InfoPlist.strings */ = {
			isa = PBXVariantGroup;
			children = (
				5B3AEC24191311C700B6EABA /* en */,
			);
			name = InfoPlist.strings;
			sourceTree = "<group>";
		};
		5B3AEC2C191311C700B6EABA /* Main.storyboard */ = {
			isa = PBXVariantGroup;
			children = (
				5B3AEC2D191311C700B6EABA /* Base */,
			);
			name = Main.storyboard;
			sourceTree = "<group>";
		};
		5B3AEC42191311C700B6EABA /* InfoPlist.strings */ = {
			isa = PBXVariantGroup;
			children = (
				5B3AEC43191311C700B6EABA /* en */,
			);
			name = InfoPlist.strings;
			sourceTree = "<group>";
		};
/* End PBXVariantGroup section */

/* Begin XCBuildConfiguration section */
		5B3AEC47191311C700B6EABA /* Debug */ = {
			isa = XCBuildConfiguration;
			buildSettings = {
				ALWAYS_SEARCH_USER_PATHS = NO;
				CLANG_CXX_LANGUAGE_STANDARD = "gnu++0x";
				CLANG_CXX_LIBRARY = "libc++";
				CLANG_ENABLE_MODULES = YES;
				CLANG_ENABLE_OBJC_ARC = YES;
				CLANG_WARN_BOOL_CONVERSION = YES;
				CLANG_WARN_CONSTANT_CONVERSION = YES;
				CLANG_WARN_DIRECT_OBJC_ISA_USAGE = YES_ERROR;
				CLANG_WARN_EMPTY_BODY = YES;
				CLANG_WARN_ENUM_CONVERSION = YES;
				CLANG_WARN_INT_CONVERSION = YES;
				CLANG_WARN_OBJC_ROOT_CLASS = YES_ERROR;
				CLANG_WARN__DUPLICATE_METHOD_MATCH = YES;
				"CODE_SIGN_IDENTITY[sdk=iphoneos*]" = "iPhone Developer";
				COPY_PHASE_STRIP = NO;
				GCC_C_LANGUAGE_STANDARD = gnu99;
				GCC_DYNAMIC_NO_PIC = NO;
				GCC_OPTIMIZATION_LEVEL = 0;
				GCC_PREPROCESSOR_DEFINITIONS = (
					"DEBUG=1",
					"$(inherited)",
				);
				GCC_SYMBOLS_PRIVATE_EXTERN = NO;
				GCC_WARN_64_TO_32_BIT_CONVERSION = YES;
				GCC_WARN_ABOUT_RETURN_TYPE = YES_ERROR;
				GCC_WARN_UNDECLARED_SELECTOR = YES;
				GCC_WARN_UNINITIALIZED_AUTOS = YES_AGGRESSIVE;
				GCC_WARN_UNUSED_FUNCTION = YES;
				GCC_WARN_UNUSED_VARIABLE = YES;
				IPHONEOS_DEPLOYMENT_TARGET = 7.1;
				ONLY_ACTIVE_ARCH = YES;
				SDKROOT = iphoneos;
			};
			name = Debug;
		};
		5B3AEC48191311C700B6EABA /* Release */ = {
			isa = XCBuildConfiguration;
			buildSettings = {
				ALWAYS_SEARCH_USER_PATHS = NO;
				CLANG_CXX_LANGUAGE_STANDARD = "gnu++0x";
				CLANG_CXX_LIBRARY = "libc++";
				CLANG_ENABLE_MODULES = YES;
				CLANG_ENABLE_OBJC_ARC = YES;
				CLANG_WARN_BOOL_CONVERSION = YES;
				CLANG_WARN_CONSTANT_CONVERSION = YES;
				CLANG_WARN_DIRECT_OBJC_ISA_USAGE = YES_ERROR;
				CLANG_WARN_EMPTY_BODY = YES;
				CLANG_WARN_ENUM_CONVERSION = YES;
				CLANG_WARN_INT_CONVERSION = YES;
				CLANG_WARN_OBJC_ROOT_CLASS = YES_ERROR;
				CLANG_WARN__DUPLICATE_METHOD_MATCH = YES;
				"CODE_SIGN_IDENTITY[sdk=iphoneos*]" = "iPhone Developer";
				COPY_PHASE_STRIP = YES;
				ENABLE_NS_ASSERTIONS = NO;
				GCC_C_LANGUAGE_STANDARD = gnu99;
				GCC_WARN_64_TO_32_BIT_CONVERSION = YES;
				GCC_WARN_ABOUT_RETURN_TYPE = YES_ERROR;
				GCC_WARN_UNDECLARED_SELECTOR = YES;
				GCC_WARN_UNINITIALIZED_AUTOS = YES_AGGRESSIVE;
				GCC_WARN_UNUSED_FUNCTION = YES;
				GCC_WARN_UNUSED_VARIABLE = YES;
				IPHONEOS_DEPLOYMENT_TARGET = 7.1;
				SDKROOT = iphoneos;
				VALIDATE_PRODUCT = YES;
			};
			name = Release;
		};
		5B3AEC4A191311C700B6EABA /* Debug */ = {
			isa = XCBuildConfiguration;
			buildSettings = {
				ASSETCATALOG_COMPILER_APPICON_NAME = AppIcon;
				ASSETCATALOG_COMPILER_LAUNCHIMAGE_NAME = LaunchImage;
				GCC_PRECOMPILE_PREFIX_HEADER = YES;
				GCC_PREFIX_HEADER = "PhotoViewerDemo/PhotoViewerDemo-Prefix.pch";
				INFOPLIST_FILE = "PhotoViewerDemo/PhotoViewerDemo-Info.plist";
				PRODUCT_NAME = "$(TARGET_NAME)";
				WRAPPER_EXTENSION = app;
			};
			name = Debug;
		};
		5B3AEC4B191311C700B6EABA /* Release */ = {
			isa = XCBuildConfiguration;
			buildSettings = {
				ASSETCATALOG_COMPILER_APPICON_NAME = AppIcon;
				ASSETCATALOG_COMPILER_LAUNCHIMAGE_NAME = LaunchImage;
				GCC_PRECOMPILE_PREFIX_HEADER = YES;
				GCC_PREFIX_HEADER = "PhotoViewerDemo/PhotoViewerDemo-Prefix.pch";
				INFOPLIST_FILE = "PhotoViewerDemo/PhotoViewerDemo-Info.plist";
				PRODUCT_NAME = "$(TARGET_NAME)";
				WRAPPER_EXTENSION = app;
			};
			name = Release;
		};
		5B3AEC4D191311C700B6EABA /* Debug */ = {
			isa = XCBuildConfiguration;
			buildSettings = {
				BUNDLE_LOADER = "$(BUILT_PRODUCTS_DIR)/PhotoViewerDemo.app/PhotoViewerDemo";
				FRAMEWORK_SEARCH_PATHS = (
					"$(SDKROOT)/Developer/Library/Frameworks",
					"$(inherited)",
					"$(DEVELOPER_FRAMEWORKS_DIR)",
				);
				GCC_PRECOMPILE_PREFIX_HEADER = YES;
				GCC_PREFIX_HEADER = "PhotoViewerDemo/PhotoViewerDemo-Prefix.pch";
				GCC_PREPROCESSOR_DEFINITIONS = (
					"DEBUG=1",
					"$(inherited)",
				);
				INFOPLIST_FILE = "PhotoViewerDemoTests/PhotoViewerDemoTests-Info.plist";
				PRODUCT_NAME = "$(TARGET_NAME)";
				TEST_HOST = "$(BUNDLE_LOADER)";
				WRAPPER_EXTENSION = xctest;
			};
			name = Debug;
		};
		5B3AEC4E191311C700B6EABA /* Release */ = {
			isa = XCBuildConfiguration;
			buildSettings = {
				BUNDLE_LOADER = "$(BUILT_PRODUCTS_DIR)/PhotoViewerDemo.app/PhotoViewerDemo";
				FRAMEWORK_SEARCH_PATHS = (
					"$(SDKROOT)/Developer/Library/Frameworks",
					"$(inherited)",
					"$(DEVELOPER_FRAMEWORKS_DIR)",
				);
				GCC_PRECOMPILE_PREFIX_HEADER = YES;
				GCC_PREFIX_HEADER = "PhotoViewerDemo/PhotoViewerDemo-Prefix.pch";
				INFOPLIST_FILE = "PhotoViewerDemoTests/PhotoViewerDemoTests-Info.plist";
				PRODUCT_NAME = "$(TARGET_NAME)";
				TEST_HOST = "$(BUNDLE_LOADER)";
				WRAPPER_EXTENSION = xctest;
			};
			name = Release;
		};
/* End XCBuildConfiguration section */

/* Begin XCConfigurationList section */
		5B3AEC12191311C700B6EABA /* Build configuration list for PBXProject "PhotoViewerDemo" */ = {
			isa = XCConfigurationList;
			buildConfigurations = (
				5B3AEC47191311C700B6EABA /* Debug */,
				5B3AEC48191311C700B6EABA /* Release */,
			);
			defaultConfigurationIsVisible = 0;
			defaultConfigurationName = Release;
		};
		5B3AEC49191311C700B6EABA /* Build configuration list for PBXNativeTarget "PhotoViewerDemo" */ = {
			isa = XCConfigurationList;
			buildConfigurations = (
				5B3AEC4A191311C700B6EABA /* Debug */,
				5B3AEC4B191311C700B6EABA /* Release */,
			);
			defaultConfigurationIsVisible = 0;
		};
		5B3AEC4C191311C700B6EABA /* Build configuration list for PBXNativeTarget "PhotoViewerDemoTests" */ = {
			isa = XCConfigurationList;
			buildConfigurations = (
				5B3AEC4D191311C700B6EABA /* Debug */,
				5B3AEC4E191311C700B6EABA /* Release */,
			);
			defaultConfigurationIsVisible = 0;
		};
/* End XCConfigurationList section */
	};
	rootObject = 5B3AEC0F191311C700B6EABA /* Project object */;
}
